
Microsoft Visual Studio Solution File, Format Version 12.00
# Visual Studio Version 16
VisualStudioVersion = 16.0.30804.86
MinimumVisualStudioVersion = 10.0.40219.1
Project("{FAE04EC0-301F-11D3-BF4B-00C04F79EFBC}") = "XamarinApp3.UWP", "XamarinApp3.UWP\XamarinApp3.UWP.csproj", "{9412624F-24AC-4A24-A12E-6C4C14CE5E50}"
EndProject
Project("{FAE04EC0-301F-11D3-BF4B-00C04F79EFBC}") = "XamarinApp3.Android", "XamarinApp3.Android\XamarinApp3.Android.csproj", "{039F9175-8855-4DDC-A0BA-27F8FC6FA230}"
EndProject
Project("{FAE04EC0-301F-11D3-BF4B-00C04F79EFBC}") = "XamarinApp3.iOS", "XamarinApp3.iOS\XamarinApp3.iOS.csproj", "{ACD0F891-1941-4BB6-91D6-0A1BCBC24D79}"
EndProject
Project("{FAE04EC0-301F-11D3-BF4B-00C04F79EFBC}") = "XamarinApp3", "XamarinApp3\XamarinApp3.csproj", "{82A6ED9E-0A38-4849-B6B7-975DD73397F2}"
EndProject
Global
	GlobalSection(SolutionConfigurationPlatforms) = preSolution
		Debug|Any CPU = Debug|Any CPU
		Debug|ARM = Debug|ARM
		Debug|iPhone = Debug|iPhone
		Debug|iPhoneSimulator = Debug|iPhoneSimulator
		Debug|x64 = Debug|x64
		Debug|x86 = Debug|x86
		Release|Any CPU = Release|Any CPU
		Release|ARM = Release|ARM
		Release|iPhone = Release|iPhone
		Release|iPhoneSimulator = Release|iPhoneSimulator
		Release|x64 = Release|x64
		Release|x86 = Release|x86
	EndGlobalSection
	GlobalSection(ProjectConfigurationPlatforms) = postSolution
		{9412624F-24AC-4A24-A12E-6C4C14CE5E50}.Debug|Any CPU.ActiveCfg = Debug|x86
		{9412624F-24AC-4A24-A12E-6C4C14CE5E50}.Debug|Any CPU.Build.0 = Debug|x86
		{9412624F-24AC-4A24-A12E-6C4C14CE5E50}.Debug|Any CPU.Deploy.0 = Debug|x86
		{9412624F-24AC-4A24-A12E-6C4C14CE5E50}.Debug|ARM.ActiveCfg = Debug|ARM
		{9412624F-24AC-4A24-A12E-6C4C14CE5E50}.Debug|ARM.Build.0 = Debug|ARM
		{9412624F-24AC-4A24-A12E-6C4C14CE5E50}.Debug|ARM.Deploy.0 = Debug|ARM
		{9412624F-24AC-4A24-A12E-6C4C14CE5E50}.Debug|iPhone.ActiveCfg = Debug|x86
		{9412624F-24AC-4A24-A12E-6C4C14CE5E50}.Debug|iPhone.Build.0 = Debug|x86
		{9412624F-24AC-4A24-A12E-6C4C14CE5E50}.Debug|iPhone.Deploy.0 = Debug|x86
		{9412624F-24AC-4A24-A12E-6C4C14CE5E50}.Debug|iPhoneSimulator.ActiveCfg = Debug|x86
		{9412624F-24AC-4A24-A12E-6C4C14CE5E50}.Debug|iPhoneSimulator.Build.0 = Debug|x86
		{9412624F-24AC-4A24-A12E-6C4C14CE5E50}.Debug|iPhoneSimulator.Deploy.0 = Debug|x86
		{9412624F-24AC-4A24-A12E-6C4C14CE5E50}.Debug|x64.ActiveCfg = Debug|x64
		{9412624F-24AC-4A24-A12E-6C4C14CE5E50}.Debug|x64.Build.0 = Debug|x64
		{9412624F-24AC-4A24-A12E-6C4C14CE5E50}.Debug|x64.Deploy.0 = Debug|x64
		{9412624F-24AC-4A24-A12E-6C4C14CE5E50}.Debug|x86.ActiveCfg = Debug|x86
		{9412624F-24AC-4A24-A12E-6C4C14CE5E50}.Debug|x86.Build.0 = Debug|x86
		{9412624F-24AC-4A24-A12E-6C4C14CE5E50}.Debug|x86.Deploy.0 = Debug|x86
		{9412624F-24AC-4A24-A12E-6C4C14CE5E50}.Release|Any CPU.ActiveCfg = Release|x86
		{9412624F-24AC-4A24-A12E-6C4C14CE5E50}.Release|Any CPU.Build.0 = Release|x86
		{9412624F-24AC-4A24-A12E-6C4C14CE5E50}.Release|Any CPU.Deploy.0 = Release|x86
		{9412624F-24AC-4A24-A12E-6C4C14CE5E50}.Release|ARM.ActiveCfg = Release|ARM
		{9412624F-24AC-4A24-A12E-6C4C14CE5E50}.Release|ARM.Build.0 = Release|ARM
		{9412624F-24AC-4A24-A12E-6C4C14CE5E50}.Release|ARM.Deploy.0 = Release|ARM
		{9412624F-24AC-4A24-A12E-6C4C14CE5E50}.Release|iPhone.ActiveCfg = Release|x86
		{9412624F-24AC-4A24-A12E-6C4C14CE5E50}.Release|iPhone.Build.0 = Release|x86
		{9412624F-24AC-4A24-A12E-6C4C14CE5E50}.Release|iPhone.Deploy.0 = Release|x86
		{9412624F-24AC-4A24-A12E-6C4C14CE5E50}.Release|iPhoneSimulator.ActiveCfg = Release|x86
		{9412624F-24AC-4A24-A12E-6C4C14CE5E50}.Release|iPhoneSimulator.Build.0 = Release|x86
		{9412624F-24AC-4A24-A12E-6C4C14CE5E50}.Release|iPhoneSimulator.Deploy.0 = Release|x86
		{9412624F-24AC-4A24-A12E-6C4C14CE5E50}.Release|x64.ActiveCfg = Release|x64
		{9412624F-24AC-4A24-A12E-6C4C14CE5E50}.Release|x64.Build.0 = Release|x64
		{9412624F-24AC-4A24-A12E-6C4C14CE5E50}.Release|x64.Deploy.0 = Release|x64
		{9412624F-24AC-4A24-A12E-6C4C14CE5E50}.Release|x86.ActiveCfg = Release|x86
		{9412624F-24AC-4A24-A12E-6C4C14CE5E50}.Release|x86.Build.0 = Release|x86
		{9412624F-24AC-4A24-A12E-6C4C14CE5E50}.Release|x86.Deploy.0 = Release|x86
		{039F9175-8855-4DDC-A0BA-27F8FC6FA230}.Debug|Any CPU.ActiveCfg = Debug|Any CPU
		{039F9175-8855-4DDC-A0BA-27F8FC6FA230}.Debug|Any CPU.Build.0 = Debug|Any CPU
		{039F9175-8855-4DDC-A0BA-27F8FC6FA230}.Debug|Any CPU.Deploy.0 = Debug|Any CPU
		{039F9175-8855-4DDC-A0BA-27F8FC6FA230}.Debug|ARM.ActiveCfg = Debug|Any CPU
		{039F9175-8855-4DDC-A0BA-27F8FC6FA230}.Debug|ARM.Build.0 = Debug|Any CPU
		{039F9175-8855-4DDC-A0BA-27F8FC6FA230}.Debug|ARM.Deploy.0 = Debug|Any CPU
		{039F9175-8855-4DDC-A0BA-27F8FC6FA230}.Debug|iPhone.ActiveCfg = Debug|Any CPU
		{039F9175-8855-4DDC-A0BA-27F8FC6FA230}.Debug|iPhone.Build.0 = Debug|Any CPU
		{039F9175-8855-4DDC-A0BA-27F8FC6FA230}.Debug|iPhone.Deploy.0 = Debug|Any CPU
		{039F9175-8855-4DDC-A0BA-27F8FC6FA230}.Debug|iPhoneSimulator.ActiveCfg = Debug|Any CPU
		{039F9175-8855-4DDC-A0BA-27F8FC6FA230}.Debug|iPhoneSimulator.Build.0 = Debug|Any CPU
		{039F9175-8855-4DDC-A0BA-27F8FC6FA230}.Debug|iPhoneSimulator.Deploy.0 = Debug|Any CPU
		{039F9175-8855-4DDC-A0BA-27F8FC6FA230}.Debug|x64.ActiveCfg = Debug|Any CPU
		{039F9175-8855-4DDC-A0BA-27F8FC6FA230}.Debug|x64.Build.0 = Debug|Any CPU
		{039F9175-8855-4DDC-A0BA-27F8FC6FA230}.Debug|x64.Deploy.0 = Debug|Any CPU
		{039F9175-8855-4DDC-A0BA-27F8FC6FA230}.Debug|x86.ActiveCfg = Debug|Any CPU
		{039F9175-8855-4DDC-A0BA-27F8FC6FA230}.Debug|x86.Build.0 = Debug|Any CPU
		{039F9175-8855-4DDC-A0BA-27F8FC6FA230}.Debug|x86.Deploy.0 = Debug|Any CPU
		{039F9175-8855-4DDC-A0BA-27F8FC6FA230}.Release|Any CPU.ActiveCfg = Release|Any CPU
		{039F9175-8855-4DDC-A0BA-27F8FC6FA230}.Release|Any CPU.Build.0 = Release|Any CPU
		{039F9175-8855-4DDC-A0BA-27F8FC6FA230}.Release|Any CPU.Deploy.0 = Release|Any CPU
		{039F9175-8855-4DDC-A0BA-27F8FC6FA230}.Release|ARM.ActiveCfg = Release|Any CPU
		{039F9175-8855-4DDC-A0BA-27F8FC6FA230}.Release|ARM.Build.0 = Release|Any CPU
		{039F9175-8855-4DDC-A0BA-27F8FC6FA230}.Release|ARM.Deploy.0 = Release|Any CPU
		{039F9175-8855-4DDC-A0BA-27F8FC6FA230}.Release|iPhone.ActiveCfg = Release|Any CPU
		{039F9175-8855-4DDC-A0BA-27F8FC6FA230}.Release|iPhone.Build.0 = Release|Any CPU
		{039F9175-8855-4DDC-A0BA-27F8FC6FA230}.Release|iPhone.Deploy.0 = Release|Any CPU
		{039F9175-8855-4DDC-A0BA-27F8FC6FA230}.Release|iPhoneSimulator.ActiveCfg = Release|Any CPU
		{039F9175-8855-4DDC-A0BA-27F8FC6FA230}.Release|iPhoneSimulator.Build.0 = Release|Any CPU
		{039F9175-8855-4DDC-A0BA-27F8FC6FA230}.Release|iPhoneSimulator.Deploy.0 = Release|Any CPU
		{039F9175-8855-4DDC-A0BA-27F8FC6FA230}.Release|x64.ActiveCfg = Release|Any CPU
		{039F9175-8855-4DDC-A0BA-27F8FC6FA230}.Release|x64.Build.0 = Release|Any CPU
		{039F9175-8855-4DDC-A0BA-27F8FC6FA230}.Release|x64.Deploy.0 = Release|Any CPU
		{039F9175-8855-4DDC-A0BA-27F8FC6FA230}.Release|x86.ActiveCfg = Release|Any CPU
		{039F9175-8855-4DDC-A0BA-27F8FC6FA230}.Release|x86.Build.0 = Release|Any CPU
		{039F9175-8855-4DDC-A0BA-27F8FC6FA230}.Release|x86.Deploy.0 = Release|Any CPU
		{ACD0F891-1941-4BB6-91D6-0A1BCBC24D79}.Debug|Any CPU.ActiveCfg = Debug|iPhoneSimulator
		{ACD0F891-1941-4BB6-91D6-0A1BCBC24D79}.Debug|Any CPU.Build.0 = Debug|iPhoneSimulator
		{ACD0F891-1941-4BB6-91D6-0A1BCBC24D79}.Debug|Any CPU.Deploy.0 = Debug|iPhoneSimulator
		{ACD0F891-1941-4BB6-91D6-0A1BCBC24D79}.Debug|ARM.ActiveCfg = Debug|iPhone
		{ACD0F891-1941-4BB6-91D6-0A1BCBC24D79}.Debug|ARM.Build.0 = Debug|iPhone
		{ACD0F891-1941-4BB6-91D6-0A1BCBC24D79}.Debug|ARM.Deploy.0 = Debug|iPhone
		{ACD0F891-1941-4BB6-91D6-0A1BCBC24D79}.Debug|iPhone.ActiveCfg = Debug|iPhone
		{ACD0F891-1941-4BB6-91D6-0A1BCBC24D79}.Debug|iPhone.Build.0 = Debug|iPhone
		{ACD0F891-1941-4BB6-91D6-0A1BCBC24D79}.Debug|iPhone.Deploy.0 = Debug|iPhone
		{ACD0F891-1941-4BB6-91D6-0A1BCBC24D79}.Debug|iPhoneSimulator.ActiveCfg = Debug|iPhoneSimulator
		{ACD0F891-1941-4BB6-91D6-0A1BCBC24D79}.Debug|iPhoneSimulator.Build.0 = Debug|iPhoneSimulator
		{ACD0F891-1941-4BB6-91D6-0A1BCBC24D79}.Debug|iPhoneSimulator.Deploy.0 = Debug|iPhoneSimulator
		{ACD0F891-1941-4BB6-91D6-0A1BCBC24D79}.Debug|x64.ActiveCfg = Debug|iPhoneSimulator
		{ACD0F891-1941-4BB6-91D6-0A1BCBC24D79}.Debug|x64.Build.0 = Debug|iPhoneSimulator
		{ACD0F891-1941-4BB6-91D6-0A1BCBC24D79}.Debug|x64.Deploy.0 = Debug|iPhoneSimulator
		{ACD0F891-1941-4BB6-91D6-0A1BCBC24D79}.Debug|x86.ActiveCfg = Debug|iPhoneSimulator
		{ACD0F891-1941-4BB6-91D6-0A1BCBC24D79}.Debug|x86.Build.0 = Debug|iPhoneSimulator
		{ACD0F891-1941-4BB6-91D6-0A1BCBC24D79}.Debug|x86.Deploy.0 = Debug|iPhoneSimulator
		{ACD0F891-1941-4BB6-91D6-0A1BCBC24D79}.Release|Any CPU.ActiveCfg = Release|iPhoneSimulator
		{ACD0F891-1941-4BB6-91D6-0A1BCBC24D79}.Release|Any CPU.Build.0 = Release|iPhoneSimulator
		{ACD0F891-1941-4BB6-91D6-0A1BCBC24D79}.Release|Any CPU.Deploy.0 = Release|iPhoneSimulator
		{ACD0F891-1941-4BB6-91D6-0A1BCBC24D79}.Release|ARM.ActiveCfg = Release|iPhoneSimulator
		{ACD0F891-1941-4BB6-91D6-0A1BCBC24D79}.Release|ARM.Build.0 = Release|iPhoneSimulator
		{ACD0F891-1941-4BB6-91D6-0A1BCBC24D79}.Release|ARM.Deploy.0 = Release|iPhoneSimulator
		{ACD0F891-1941-4BB6-91D6-0A1BCBC24D79}.Release|iPhone.ActiveCfg = Release|iPhone
		{ACD0F891-1941-4BB6-91D6-0A1BCBC24D79}.Release|iPhone.Build.0 = Release|iPhone
		{ACD0F891-1941-4BB6-91D6-0A1BCBC24D79}.Release|iPhone.Deploy.0 = Release|iPhone
		{ACD0F891-1941-4BB6-91D6-0A1BCBC24D79}.Release|iPhoneSimulator.ActiveCfg = Release|iPhoneSimulator
		{ACD0F891-1941-4BB6-91D6-0A1BCBC24D79}.Release|iPhoneSimulator.Build.0 = Release|iPhoneSimulator
		{ACD0F891-1941-4BB6-91D6-0A1BCBC24D79}.Release|iPhoneSimulator.Deploy.0 = Release|iPhoneSimulator
		{ACD0F891-1941-4BB6-91D6-0A1BCBC24D79}.Release|x64.ActiveCfg = Release|iPhoneSimulator
		{ACD0F891-1941-4BB6-91D6-0A1BCBC24D79}.Release|x64.Build.0 = Release|iPhoneSimulator
		{ACD0F891-1941-4BB6-91D6-0A1BCBC24D79}.Release|x64.Deploy.0 = Release|iPhoneSimulator
		{ACD0F891-1941-4BB6-91D6-0A1BCBC24D79}.Release|x86.ActiveCfg = Release|iPhoneSimulator
		{ACD0F891-1941-4BB6-91D6-0A1BCBC24D79}.Release|x86.Build.0 = Release|iPhoneSimulator
		{ACD0F891-1941-4BB6-91D6-0A1BCBC24D79}.Release|x86.Deploy.0 = Release|iPhoneSimulator
		{82A6ED9E-0A38-4849-B6B7-975DD73397F2}.Debug|Any CPU.ActiveCfg = Debug|Any CPU
		{82A6ED9E-0A38-4849-B6B7-975DD73397F2}.Debug|Any CPU.Build.0 = Debug|Any CPU
		{82A6ED9E-0A38-4849-B6B7-975DD73397F2}.Debug|Any CPU.Deploy.0 = Debug|Any CPU
		{82A6ED9E-0A38-4849-B6B7-975DD73397F2}.Debug|ARM.ActiveCfg = Debug|Any CPU
		{82A6ED9E-0A38-4849-B6B7-975DD73397F2}.Debug|ARM.Build.0 = Debug|Any CPU
		{82A6ED9E-0A38-4849-B6B7-975DD73397F2}.Debug|ARM.Deploy.0 = Debug|Any CPU
		{82A6ED9E-0A38-4849-B6B7-975DD73397F2}.Debug|iPhone.ActiveCfg = Debug|Any CPU
		{82A6ED9E-0A38-4849-B6B7-975DD73397F2}.Debug|iPhone.Build.0 = Debug|Any CPU
		{82A6ED9E-0A38-4849-B6B7-975DD73397F2}.Debug|iPhone.Deploy.0 = Debug|Any CPU
		{82A6ED9E-0A38-4849-B6B7-975DD73397F2}.Debug|iPhoneSimulator.ActiveCfg = Debug|Any CPU
		{82A6ED9E-0A38-4849-B6B7-975DD73397F2}.Debug|iPhoneSimulator.Build.0 = Debug|Any CPU
		{82A6ED9E-0A38-4849-B6B7-975DD73397F2}.Debug|iPhoneSimulator.Deploy.0 = Debug|Any CPU
		{82A6ED9E-0A38-4849-B6B7-975DD73397F2}.Debug|x64.ActiveCfg = Debug|Any CPU
		{82A6ED9E-0A38-4849-B6B7-975DD73397F2}.Debug|x64.Build.0 = Debug|Any CPU
		{82A6ED9E-0A38-4849-B6B7-975DD73397F2}.Debug|x64.Deploy.0 = Debug|Any CPU
		{82A6ED9E-0A38-4849-B6B7-975DD73397F2}.Debug|x86.ActiveCfg = Debug|Any CPU
		{82A6ED9E-0A38-4849-B6B7-975DD73397F2}.Debug|x86.Build.0 = Debug|Any CPU
		{82A6ED9E-0A38-4849-B6B7-975DD73397F2}.Debug|x86.Deploy.0 = Debug|Any CPU
		{82A6ED9E-0A38-4849-B6B7-975DD73397F2}.Release|Any CPU.ActiveCfg = Release|Any CPU
		{82A6ED9E-0A38-4849-B6B7-975DD73397F2}.Release|Any CPU.Build.0 = Release|Any CPU
		{82A6ED9E-0A38-4849-B6B7-975DD73397F2}.Release|Any CPU.Deploy.0 = Release|Any CPU
		{82A6ED9E-0A38-4849-B6B7-975DD73397F2}.Release|ARM.ActiveCfg = Release|Any CPU
		{82A6ED9E-0A38-4849-B6B7-975DD73397F2}.Release|ARM.Build.0 = Release|Any CPU
		{82A6ED9E-0A38-4849-B6B7-975DD73397F2}.Release|ARM.Deploy.0 = Release|Any CPU
		{82A6ED9E-0A38-4849-B6B7-975DD73397F2}.Release|iPhone.ActiveCfg = Release|Any CPU
		{82A6ED9E-0A38-4849-B6B7-975DD73397F2}.Release|iPhone.Build.0 = Release|Any CPU
		{82A6ED9E-0A38-4849-B6B7-975DD73397F2}.Release|iPhone.Deploy.0 = Release|Any CPU
		{82A6ED9E-0A38-4849-B6B7-975DD73397F2}.Release|iPhoneSimulator.ActiveCfg = Release|Any CPU
		{82A6ED9E-0A38-4849-B6B7-975DD73397F2}.Release|iPhoneSimulator.Build.0 = Release|Any CPU
		{82A6ED9E-0A38-4849-B6B7-975DD73397F2}.Release|iPhoneSimulator.Deploy.0 = Release|Any CPU
		{82A6ED9E-0A38-4849-B6B7-975DD73397F2}.Release|x64.ActiveCfg = Release|Any CPU
		{82A6ED9E-0A38-4849-B6B7-975DD73397F2}.Release|x64.Build.0 = Release|Any CPU
		{82A6ED9E-0A38-4849-B6B7-975DD73397F2}.Release|x64.Deploy.0 = Release|Any CPU
		{82A6ED9E-0A38-4849-B6B7-975DD73397F2}.Release|x86.ActiveCfg = Release|Any CPU
		{82A6ED9E-0A38-4849-B6B7-975DD73397F2}.Release|x86.Build.0 = Release|Any CPU
		{82A6ED9E-0A38-4849-B6B7-975DD73397F2}.Release|x86.Deploy.0 = Release|Any CPU
	EndGlobalSection
	GlobalSection(SolutionProperties) = preSolution
		HideSolutionNode = FALSE
	EndGlobalSection
	GlobalSection(ExtensibilityGlobals) = postSolution
		SolutionGuid = {348E40A9-038D-4410-9F5C-C96DAD6F085D}
	EndGlobalSection
EndGlobal
